
Microsoft Visual Studio Solution File, Format Version 12.00
# Visual Studio Version 16
VisualStudioVersion = 16.0.30309.148
MinimumVisualStudioVersion = 10.0.40219.1
Project("{FAE04EC0-301F-11D3-BF4B-00C04F79EFBC}") = "WinFormsPhotoEditor", "WinFormsPhotoEditor\WinFormsPhotoEditor.csproj", "{D230322B-AD03-40F9-A28B-B6D880DE0D83}"
EndProject
Project("{FAE04EC0-301F-11D3-BF4B-00C04F79EFBC}") = "ImageEditorLib", "ImageEditorLib\ImageEditorLib.csproj", "{E1542E4C-2293-40CC-96F3-968940C4F86E}"
EndProject
Project("{FAE04EC0-301F-11D3-BF4B-00C04F79EFBC}") = "WpfPhotoEditor", "WpfPhotoEditor\WpfPhotoEditor.csproj", "{EEFA9CF8-4BFE-4FFC-98DA-CD6CD7D52AE0}"
EndProject
Global
	GlobalSection(SolutionConfigurationPlatforms) = preSolution
		Debug|Any CPU = Debug|Any CPU
		Release|Any CPU = Release|Any CPU
	EndGlobalSection
	GlobalSection(ProjectConfigurationPlatforms) = postSolution
		{D230322B-AD03-40F9-A28B-B6D880DE0D83}.Debug|Any CPU.ActiveCfg = Debug|Any CPU
		{D230322B-AD03-40F9-A28B-B6D880DE0D83}.Debug|Any CPU.Build.0 = Debug|Any CPU
		{D230322B-AD03-40F9-A28B-B6D880DE0D83}.Release|Any CPU.ActiveCfg = Release|Any CPU
		{D230322B-AD03-40F9-A28B-B6D880DE0D83}.Release|Any CPU.Build.0 = Release|Any CPU
		{E1542E4C-2293-40CC-96F3-968940C4F86E}.Debug|Any CPU.ActiveCfg = Debug|Any CPU
		{E1542E4C-2293-40CC-96F3-968940C4F86E}.Debug|Any CPU.Build.0 = Debug|Any CPU
		{E1542E4C-2293-40CC-96F3-968940C4F86E}.Release|Any CPU.ActiveCfg = Release|Any CPU
		{E1542E4C-2293-40CC-96F3-968940C4F86E}.Release|Any CPU.Build.0 = Release|Any CPU
		{EEFA9CF8-4BFE-4FFC-98DA-CD6CD7D52AE0}.Debug|Any CPU.ActiveCfg = Debug|Any CPU
		{EEFA9CF8-4BFE-4FFC-98DA-CD6CD7D52AE0}.Debug|Any CPU.Build.0 = Debug|Any CPU
		{EEFA9CF8-4BFE-4FFC-98DA-CD6CD7D52AE0}.Release|Any CPU.ActiveCfg = Release|Any CPU
		{EEFA9CF8-4BFE-4FFC-98DA-CD6CD7D52AE0}.Release|Any CPU.Build.0 = Release|Any CPU
	EndGlobalSection
	GlobalSection(SolutionProperties) = preSolution
		HideSolutionNode = FALSE
	EndGlobalSection
	GlobalSection(ExtensibilityGlobals) = postSolution
		SolutionGuid = {F224E419-BD52-4DE9-9DFB-18BD39FFE2BA}
	EndGlobalSection
EndGlobal
